[[package]]
category = "main"
description = "Pad a string to the left with any number of characters"
name = "left-pad"
optional = false
python-versions = "*"
version = "0.0.3"

[metadata]
content-hash = "88b5983fc52117b2e87913dbb06422c5fc32f65b219b18ef72d6c73aedb1ddf5"
python-versions = "^3.6"

[metadata.hashes]
left-pad = ["b842b81fcf157ca09b1e0036c5876295fdfd097640aa85d37f988857eec64654"]
